
Microsoft Visual Studio Solution File, Format Version 12.00
# Visual Studio Version 16
VisualStudioVersion = 16.0.30011.22
MinimumVisualStudioVersion = 10.0.40219.1
Project("{FAE04EC0-301F-11D3-BF4B-00C04F79EFBC}") = "story-pointer", "story-pointer.csproj", "{BCD7C542-0407-4C19-849D-5AA2D3F4000A}"
EndProject
Global
	GlobalSection(SolutionConfigurationPlatforms) = preSolution
		Debug|Any CPU = Debug|Any CPU
		Release|Any CPU = Release|Any CPU
	EndGlobalSection
	GlobalSection(ProjectConfigurationPlatforms) = postSolution
		{BCD7C542-0407-4C19-849D-5AA2D3F4000A}.Debug|Any CPU.ActiveCfg = Debug|Any CPU
		{BCD7C542-0407-4C19-849D-5AA2D3F4000A}.Debug|Any CPU.Build.0 = Debug|Any CPU
		{BCD7C542-0407-4C19-849D-5AA2D3F4000A}.Release|Any CPU.ActiveCfg = Release|Any CPU
		{BCD7C542-0407-4C19-849D-5AA2D3F4000A}.Release|Any CPU.Build.0 = Release|Any CPU
	EndGlobalSection
	GlobalSection(SolutionProperties) = preSolution
		HideSolutionNode = FALSE
	EndGlobalSection
	GlobalSection(ExtensibilityGlobals) = postSolution
		SolutionGuid = {D25E92A4-4B66-4EFE-B7C6-B7494CAD49C2}
	EndGlobalSection
EndGlobal
